
Microsoft Visual Studio Solution File, Format Version 12.00
# Visual Studio Version 16
VisualStudioVersion = 16.0.30517.126
MinimumVisualStudioVersion = 10.0.40219.1
Project("{8BC9CEB8-8B4A-11D0-8D11-00A0C91BC942}") = "CubesMass", "CubesMass\CubesMass.vcxproj", "{96565D0B-2ADD-437E-9FAB-96A868BA3DDF}"
EndProject
Global
	GlobalSection(SolutionConfigurationPlatforms) = preSolution
		Debug|x64 = Debug|x64
		Debug|x86 = Debug|x86
		Dev|x64 = Dev|x64
		Dev|x86 = Dev|x86
		Release|x64 = Release|x64
		Release|x86 = Release|x86
	EndGlobalSection
	GlobalSection(ProjectConfigurationPlatforms) = postSolution
		{96565D0B-2ADD-437E-9FAB-96A868BA3DDF}.Debug|x64.ActiveCfg = Debug|x64
		{96565D0B-2ADD-437E-9FAB-96A868BA3DDF}.Debug|x64.Build.0 = Debug|x64
		{96565D0B-2ADD-437E-9FAB-96A868BA3DDF}.Debug|x86.ActiveCfg = Debug|Win32
		{96565D0B-2ADD-437E-9FAB-96A868BA3DDF}.Debug|x86.Build.0 = Debug|Win32
		{96565D0B-2ADD-437E-9FAB-96A868BA3DDF}.Dev|x64.ActiveCfg = Dev|x64
		{96565D0B-2ADD-437E-9FAB-96A868BA3DDF}.Dev|x64.Build.0 = Dev|x64
		{96565D0B-2ADD-437E-9FAB-96A868BA3DDF}.Dev|x86.ActiveCfg = Dev|Win32
		{96565D0B-2ADD-437E-9FAB-96A868BA3DDF}.Dev|x86.Build.0 = Dev|Win32
		{96565D0B-2ADD-437E-9FAB-96A868BA3DDF}.Release|x64.ActiveCfg = Dev|x64
		{96565D0B-2ADD-437E-9FAB-96A868BA3DDF}.Release|x86.ActiveCfg = Dev|Win32
	EndGlobalSection
	GlobalSection(SolutionProperties) = preSolution
		HideSolutionNode = FALSE
	EndGlobalSection
	GlobalSection(ExtensibilityGlobals) = postSolution
		SolutionGuid = {B7ED0970-B132-44C8-AE95-72B79A40AC14}
	EndGlobalSection
EndGlobal
