<?xml version="1.0" encoding="utf-8"?>
<Project ToolsVersion="4.0" xmlns="http://schemas.microsoft.com/developer/msbuild/2003">
  <ItemGroup>
    <Filter Include="Source Files">
      <UniqueIdentifier>{4FC737F1-C7A5-4376-A066-2A32D752A2FF}</UniqueIdentifier>
      <Extensions>cpp;c;cc;cxx;c++;cppm;ixx;def;odl;idl;hpj;bat;asm;asmx</Extensions>
    </Filter>
    <Filter Include="Header Files">
      <UniqueIdentifier>{93995380-89BD-4b04-88EB-625FBE52EBFB}</UniqueIdentifier>
      <Extensions>h;hh;hpp;hxx;h++;hm;inl;inc;ipp;xsd</Extensions>
    </Filter>
    <Filter Include="Resource Files">
      <UniqueIdentifier>{67DA6AB6-F800-4c08-8B7A-83BB121AAD01}</UniqueIdentifier>
      <Extensions>rc;ico;cur;bmp;dlg;rc2;rct;bin;rgs;gif;jpg;jpeg;jpe;resx;tiff;tif;png;wav;mfcribbon-ms</Extensions>
    </Filter>
  </ItemGroup>
  <ItemGroup>
    <ClCompile Include="Source\Main.cpp">
      <Filter>Source Files</Filter>
    </ClCompile>
    <ClCompile Include="Source\Scene1.cpp">
      <Filter>Source Files</Filter>
    </ClCompile>
    <ClCompile Include="Source\SceneManager.cpp">
      <Filter>Source Files</Filter>
    </ClCompile>
    <ClCompile Include="Source\TextureLoader.cpp">
      <Filter>Source Files</Filter>
    </ClCompile>
    <ClCompile Include="Source\Timer.cpp">
      <Filter>Source Files</Filter>
    </ClCompile>
    <ClCompile Include="Source\Window.cpp">
      <Filter>Source Files</Filter>
    </ClCompile>
    <ClCompile Include="Source\EntityCS\EntityCS.cpp">
      <Filter>Source Files</Filter>
    </ClCompile>
    <ClCompile Include="Source\Map.cpp">
      <Filter>Source Files</Filter>
    </ClCompile>
    <ClCompile Include="Source\Collision.cpp">
      <Filter>Source Files</Filter>
    </ClCompile>
    <ClCompile Include="Source\VMath.cpp">
      <Filter>Source Files</Filter>
    </ClCompile>
    <ClCompile Include="Source\MouseEventListener.cpp">
      <Filter>Source Files</Filter>
    </ClCompile>
    <ClCompile Include="Source\AI\BlendedSteering.cpp">
      <Filter>Source Files</Filter>
    </ClCompile>
    <ClCompile Include="Source\AI\Pathfinding\PrioNode.cpp">
      <Filter>Source Files</Filter>
    </ClCompile>
    <ClCompile Include="Source\AI\Pathfinding\Graph\Graph.cpp">
      <Filter>Source Files</Filter>
    </ClCompile>
    <ClCompile Include="Source\AI\Pathfinding\Graph\TileDemo.cpp">
      <Filter>Source Files</Filter>
    </ClCompile>
    <ClCompile Include="Source\AI\DecisionMaking\StateMachine.cpp">
      <Filter>Source Files</Filter>
    </ClCompile>
    <ClCompile Include="Source\AI\DecisionMaking\Conditions\ConditionPursue.cpp">
      <Filter>Source Files</Filter>
    </ClCompile>
    <ClCompile Include="Source\AI\DecisionMaking\Conditions\ConditionFollowPath.cpp">
      <Filter>Source Files</Filter>
    </ClCompile>
    <ClCompile Include="Source\AI\DecisionMaking\Transition.cpp">
      <Filter>Source Files</Filter>
    </ClCompile>
    <ClCompile Include="Source\AI\DecisionMaking\State.cpp">
      <Filter>Source Files</Filter>
    </ClCompile>
  </ItemGroup>
  <ItemGroup>
    <ClInclude Include="Source\Window.h">
      <Filter>Header Files</Filter>
    </ClInclude>
    <ClInclude Include="Source\Scene.h">
      <Filter>Header Files</Filter>
    </ClInclude>
    <ClInclude Include="Source\Scene1.h">
      <Filter>Header Files</Filter>
    </ClInclude>
    <ClInclude Include="Source\SceneManager.h">
      <Filter>Header Files</Filter>
    </ClInclude>
    <ClInclude Include="Source\TextureLoader.h">
      <Filter>Header Files</Filter>
    </ClInclude>
    <ClInclude Include="Source\Timer.h">
      <Filter>Header Files</Filter>
    </ClInclude>
    <ClInclude Include="Source\EntityCS\Components.h">
      <Filter>Header Files</Filter>
    </ClInclude>
    <ClInclude Include="Source\EntityCS\EntityCS.h">
      <Filter>Header Files</Filter>
    </ClInclude>
    <ClInclude Include="Source\EntityCS\SpriteComponent.h">
      <Filter>Header Files</Filter>
    </ClInclude>
    <ClInclude Include="Source\Vector.h">
      <Filter>Header Files</Filter>
    </ClInclude>
    <ClInclude Include="Source\EntityCS\KeyBoardController.h">
      <Filter>Header Files</Filter>
    </ClInclude>
    <ClInclude Include="Source\EntityCS\BoxColliderComponent.h">
      <Filter>Header Files</Filter>
    </ClInclude>
    <ClInclude Include="Source\EntityCS\TransformComponent.h">
      <Filter>Header Files</Filter>
    </ClInclude>
    <ClInclude Include="Source\Map.h">
      <Filter>Header Files</Filter>
    </ClInclude>
    <ClInclude Include="Source\EntityCS\TileComponent.h">
      <Filter>Header Files</Filter>
    </ClInclude>
    <ClInclude Include="Source\Collision.h">
      <Filter>Header Files</Filter>
    </ClInclude>
    <ClInclude Include="Source\Animation.h">
      <Filter>Header Files</Filter>
    </ClInclude>
    <ClInclude Include="Source\EntityCS\AIController.h">
      <Filter>Header Files</Filter>
    </ClInclude>
    <ClInclude Include="Source\VMath.h">
      <Filter>Header Files</Filter>
    </ClInclude>
    <ClInclude Include="Source\EntityCS\CircleColliderComponent.h">
      <Filter>Header Files</Filter>
    </ClInclude>
    <ClInclude Include="Source\MouseEventListener.h">
      <Filter>Header Files</Filter>
    </ClInclude>
    <ClInclude Include="Source\EntityCS\MovementComponent.h">
      <Filter>Header Files</Filter>
    </ClInclude>
    <ClInclude Include="Source\AI\BlendedSteering.h">
      <Filter>Header Files</Filter>
    </ClInclude>
    <ClInclude Include="Source\AI\Steering.h">
      <Filter>Header Files</Filter>
    </ClInclude>
    <ClInclude Include="Source\AI\Arrive.h">
      <Filter>Header Files</Filter>
    </ClInclude>
    <ClInclude Include="Source\AI\SteeringHeaders.h">
      <Filter>Header Files</Filter>
    </ClInclude>
    <ClInclude Include="Source\AI\SteeringOutput.h">
      <Filter>Header Files</Filter>
    </ClInclude>
    <ClInclude Include="Source\AI\Wander.h">
      <Filter>Header Files</Filter>
    </ClInclude>
    <ClInclude Include="Source\AI\Flee.h">
      <Filter>Header Files</Filter>
    </ClInclude>
    <ClInclude Include="Source\AI\Pathfinding\PrioNode.h">
      <Filter>Header Files</Filter>
    </ClInclude>
    <ClInclude Include="Source\AI\Pathfinding\Graph\Graph.h">
      <Filter>Header Files</Filter>
    </ClInclude>
    <ClInclude Include="Source\AI\Pathfinding\Graph\TileDemo.h">
      <Filter>Header Files</Filter>
    </ClInclude>
    <ClInclude Include="Source\AI\FollowPath.h">
      <Filter>Header Files</Filter>
    </ClInclude>
    <ClInclude Include="Source\AI\Pathfinding\Graph\Path.h">
      <Filter>Header Files</Filter>
    </ClInclude>
    <ClInclude Include="Source\AI\DecisionMaking\StateMachine.h">
      <Filter>Header Files</Filter>
    </ClInclude>
    <ClInclude Include="Source\AI\DecisionMaking\State.h">
      <Filter>Header Files</Filter>
    </ClInclude>
    <ClInclude Include="Source\AI\DecisionMaking\Transition.h">
      <Filter>Header Files</Filter>
    </ClInclude>
    <ClInclude Include="Source\AI\DecisionMaking\Condition.h">
      <Filter>Header Files</Filter>
    </ClInclude>
    <ClInclude Include="Source\AI\DecisionMaking\Conditions\ConditionPursue.h">
      <Filter>Header Files</Filter>
    </ClInclude>
    <ClInclude Include="Source\AI\DecisionMaking\Conditions\ConditionFollowPath.h">
      <Filter>Header Files</Filter>
    </ClInclude>
    <ClInclude Include="Source\AI\AIInfoContainer.h">
      <Filter>Header Files</Filter>
    </ClInclude>
  </ItemGroup>
</Project>